// !$*UTF8*$!
{
	archiveVersion = 1;
	classes = {
	};
	objectVersion = 46;
	objects = {

/* Begin PBXBuildFile section */
		5C3AEE5A1A8301830051F3CC /* AppDelegate.swift in Sources */ = {isa = PBXBuildFile; fileRef = 5C3AEE591A8301830051F3CC /* AppDelegate.swift */; };
		5C3AEE5D1A8301830051F3CC /* Camera.xcdatamodeld in Sources */ = {isa = PBXBuildFile; fileRef = 5C3AEE5B1A8301830051F3CC /* Camera.xcdatamodeld */; };
		5C3AEE5F1A8301830051F3CC /* ViewController.swift in Sources */ = {isa = PBXBuildFile; fileRef = 5C3AEE5E1A8301830051F3CC /* ViewController.swift */; };
		5C3AEE621A8301830051F3CC /* Main.storyboard in Resources */ = {isa = PBXBuildFile; fileRef = 5C3AEE601A8301830051F3CC /* Main.storyboard */; };
		5C3AEE641A8301830051F3CC /* Images.xcassets in Resources */ = {isa = PBXBuildFile; fileRef = 5C3AEE631A8301830051F3CC /* Images.xcassets */; };
		5C3AEE671A8301830051F3CC /* LaunchScreen.xib in Resources */ = {isa = PBXBuildFile; fileRef = 5C3AEE651A8301830051F3CC /* LaunchScreen.xib */; };
		5C3AEE731A8301830051F3CC /* CameraTests.swift in Sources */ = {isa = PBXBuildFile; fileRef = 5C3AEE721A8301830051F3CC /* CameraTests.swift */; };
/* End PBXBuildFile section */

/* Begin PBXContainerItemProxy section */
		5C3AEE6D1A8301830051F3CC /* PBXContainerItemProxy */ = {
			isa = PBXContainerItemProxy;
			containerPortal = 5C3AEE4C1A8301830051F3CC /* Project object */;
			proxyType = 1;
			remoteGlobalIDString = 5C3AEE531A8301830051F3CC;
			remoteInfo = Camera;
		};
/* End PBXContainerItemProxy section */

/* Begin PBXFileReference section */
		5C3AEE541A8301830051F3CC /* Camera.app */ = {isa = PBXFileReference; explicitFileType = wrapper.application; includeInIndex = 0; path = Camera.app; sourceTree = BUILT_PRODUCTS_DIR; };
		5C3AEE581A8301830051F3CC /* Info.plist */ = {isa = PBXFileReference; lastKnownFileType = text.plist.xml; path = Info.plist; sourceTree = "<group>"; };
		5C3AEE591A8301830051F3CC /* AppDelegate.swift */ = {isa = PBXFileReference; lastKnownFileType = sourcecode.swift; path = AppDelegate.swift; sourceTree = "<group>"; };
		5C3AEE5C1A8301830051F3CC /* Camera.xcdatamodel */ = {isa = PBXFileReference; lastKnownFileType = wrapper.xcdatamodel; path = Camera.xcdatamodel; sourceTree = "<group>"; };
		5C3AEE5E1A8301830051F3CC /* ViewController.swift */ = {isa = PBXFileReference; lastKnownFileType = sourcecode.swift; path = ViewController.swift; sourceTree = "<group>"; };
		5C3AEE611A8301830051F3CC /* Base */ = {isa = PBXFileReference; lastKnownFileType = file.storyboard; name = Base; path = Base.lproj/Main.storyboard; sourceTree = "<group>"; };
		5C3AEE631A8301830051F3CC /* Images.xcassets */ = {isa = PBXFileReference; lastKnownFileType = folder.assetcatalog; path = Images.xcassets; sourceTree = "<group>"; };
		5C3AEE661A8301830051F3CC /* Base */ = {isa = PBXFileReference; lastKnownFileType = file.xib; name = Base; path = Base.lproj/LaunchScreen.xib; sourceTree = "<group>"; };
		5C3AEE6C1A8301830051F3CC /* CameraTests.xctest */ = {isa = PBXFileReference; explicitFileType = wrapper.cfbundle; includeInIndex = 0; path = CameraTests.xctest; sourceTree = BUILT_PRODUCTS_DIR; };
		5C3AEE711A8301830051F3CC /* Info.plist */ = {isa = PBXFileReference; lastKnownFileType = text.plist.xml; path = Info.plist; sourceTree = "<group>"; };
		5C3AEE721A8301830051F3CC /* CameraTests.swift */ = {isa = PBXFileReference; lastKnownFileType = sourcecode.swift; path = CameraTests.swift; sourceTree = "<group>"; };
/* End PBXFileReference section */

/* Begin PBXFrameworksBuildPhase section */
		5C3AEE511A8301830051F3CC /* Frameworks */ = {
			isa = PBXFrameworksBuildPhase;
			buildActionMask = 2147483647;
			files = (
			);
			runOnlyForDeploymentPostprocessing = 0;
		};
		5C3AEE691A8301830051F3CC /* Frameworks */ = {
			isa = PBXFrameworksBuildPhase;
			buildActionMask = 2147483647;
			files = (
			);
			runOnlyForDeploymentPostprocessing = 0;
		};
/* End PBXFrameworksBuildPhase section */

/* Begin PBXGroup section */
		5C3AEE4B1A8301830051F3CC = {
			isa = PBXGroup;
			children = (
				5C3AEE561A8301830051F3CC /* Camera */,
				5C3AEE6F1A8301830051F3CC /* CameraTests */,
				5C3AEE551A8301830051F3CC /* Products */,
			);
			sourceTree = "<group>";
		};
		5C3AEE551A8301830051F3CC /* Products */ = {
			isa = PBXGroup;
			children = (
				5C3AEE541A8301830051F3CC /* Camera.app */,
				5C3AEE6C1A8301830051F3CC /* CameraTests.xctest */,
			);
			name = Products;
			sourceTree = "<group>";
		};
		5C3AEE561A8301830051F3CC /* Camera */ = {
			isa = PBXGroup;
			children = (
				5C3AEE591A8301830051F3CC /* AppDelegate.swift */,
				5C3AEE5E1A8301830051F3CC /* ViewController.swift */,
				5C3AEE601A8301830051F3CC /* Main.storyboard */,
				5C3AEE631A8301830051F3CC /* Images.xcassets */,
				5C3AEE651A8301830051F3CC /* LaunchScreen.xib */,
				5C3AEE5B1A8301830051F3CC /* Camera.xcdatamodeld */,
				5C3AEE571A8301830051F3CC /* Supporting Files */,
			);
			path = Camera;
			sourceTree = "<group>";
		};
		5C3AEE571A8301830051F3CC /* Supporting Files */ = {
			isa = PBXGroup;
			children = (
				5C3AEE581A8301830051F3CC /* Info.plist */,
			);
			name = "Supporting Files";
			sourceTree = "<group>";
		};
		5C3AEE6F1A8301830051F3CC /* CameraTests */ = {
			isa = PBXGroup;
			children = (
				5C3AEE721A8301830051F3CC /* CameraTests.swift */,
				5C3AEE701A8301830051F3CC /* Supporting Files */,
			);
			path = CameraTests;
			sourceTree = "<group>";
		};
		5C3AEE701A8301830051F3CC /* Supporting Files */ = {
			isa = PBXGroup;
			children = (
				5C3AEE711A8301830051F3CC /* Info.plist */,
			);
			name = "Supporting Files";
			sourceTree = "<group>";
		};
/* End PBXGroup section */

/* Begin PBXNativeTarget section */
		5C3AEE531A8301830051F3CC /* Camera */ = {
			isa = PBXNativeTarget;
			buildConfigurationList = 5C3AEE761A8301830051F3CC /* Build configuration list for PBXNativeTarget "Camera" */;
			buildPhases = (
				5C3AEE501A8301830051F3CC /* Sources */,
				5C3AEE511A8301830051F3CC /* Frameworks */,
				5C3AEE521A8301830051F3CC /* Resources */,
			);
			buildRules = (
			);
			dependencies = (
			);
			name = Camera;
			productName = Camera;
			productReference = 5C3AEE541A8301830051F3CC /* Camera.app */;
			productType = "com.apple.product-type.application";
		};
		5C3AEE6B1A8301830051F3CC /* CameraTests */ = {
			isa = PBXNativeTarget;
			buildConfigurationList = 5C3AEE791A8301830051F3CC /* Build configuration list for PBXNativeTarget "CameraTests" */;
			buildPhases = (
				5C3AEE681A8301830051F3CC /* Sources */,
				5C3AEE691A8301830051F3CC /* Frameworks */,
				5C3AEE6A1A8301830051F3CC /* Resources */,
			);
			buildRules = (
			);
			dependencies = (
				5C3AEE6E1A8301830051F3CC /* PBXTargetDependency */,
			);
			name = CameraTests;
			productName = CameraTests;
			productReference = 5C3AEE6C1A8301830051F3CC /* CameraTests.xctest */;
			productType = "com.apple.product-type.bundle.unit-test";
		};
/* End PBXNativeTarget section */

/* Begin PBXProject section */
		5C3AEE4C1A8301830051F3CC /* Project object */ = {
			isa = PBXProject;
			attributes = {
				LastUpgradeCheck = 0610;
				ORGANIZATIONNAME = "Joshua O'Connor";
				TargetAttributes = {
					5C3AEE531A8301830051F3CC = {
						CreatedOnToolsVersion = 6.1.1;
					};
					5C3AEE6B1A8301830051F3CC = {
						CreatedOnToolsVersion = 6.1.1;
						TestTargetID = 5C3AEE531A8301830051F3CC;
					};
				};
			};
			buildConfigurationList = 5C3AEE4F1A8301830051F3CC /* Build configuration list for PBXProject "Camera" */;
			compatibilityVersion = "Xcode 3.2";
			developmentRegion = English;
			hasScannedForEncodings = 0;
			knownRegions = (
				en,
				Base,
			);
			mainGroup = 5C3AEE4B1A8301830051F3CC;
			productRefGroup = 5C3AEE551A8301830051F3CC /* Products */;
			projectDirPath = "";
			projectRoot = "";
			targets = (
				5C3AEE531A8301830051F3CC /* Camera */,
				5C3AEE6B1A8301830051F3CC /* CameraTests */,
			);
		};
/* End PBXProject section */

/* Begin PBXResourcesBuildPhase section */
		5C3AEE521A8301830051F3CC /* Resources */ = {
			isa = PBXResourcesBuildPhase;
			buildActionMask = 2147483647;
			files = (
				5C3AEE621A8301830051F3CC /* Main.storyboard in Resources */,
				5C3AEE671A8301830051F3CC /* LaunchScreen.xib in Resources */,
				5C3AEE641A8301830051F3CC /* Images.xcassets in Resources */,
			);
			runOnlyForDeploymentPostprocessing = 0;
		};
		5C3AEE6A1A8301830051F3CC /* Resources */ = {
			isa = PBXResourcesBuildPhase;
			buildActionMask = 2147483647;
			files = (
			);
			runOnlyForDeploymentPostprocessing = 0;
		};
/* End PBXResourcesBuildPhase section */

/* Begin PBXSourcesBuildPhase section */
		5C3AEE501A8301830051F3CC /* Sources */ = {
			isa = PBXSourcesBuildPhase;
			buildActionMask = 2147483647;
			files = (
				5C3AEE5F1A8301830051F3CC /* ViewController.swift in Sources */,
				5C3AEE5D1A8301830051F3CC /* Camera.xcdatamodeld in Sources */,
				5C3AEE5A1A8301830051F3CC /* AppDelegate.swift in Sources */,
			);
			runOnlyForDeploymentPostprocessing = 0;
		};
		5C3AEE681A8301830051F3CC /* Sources */ = {
			isa = PBXSourcesBuildPhase;
			buildActionMask = 2147483647;
			files = (
				5C3AEE731A8301830051F3CC /* CameraTests.swift in Sources */,
			);
			runOnlyForDeploymentPostprocessing = 0;
		};
/* End PBXSourcesBuildPhase section */

/* Begin PBXTargetDependency section */
		5C3AEE6E1A8301830051F3CC /* PBXTargetDependency */ = {
			isa = PBXTargetDependency;
			target = 5C3AEE531A8301830051F3CC /* Camera */;
			targetProxy = 5C3AEE6D1A8301830051F3CC /* PBXContainerItemProxy */;
		};
/* End PBXTargetDependency section */

/* Begin PBXVariantGroup section */
		5C3AEE601A8301830051F3CC /* Main.storyboard */ = {
			isa = PBXVariantGroup;
			children = (
				5C3AEE611A8301830051F3CC /* Base */,
			);
			name = Main.storyboard;
			sourceTree = "<group>";
		};
		5C3AEE651A8301830051F3CC /* LaunchScreen.xib */ = {
			isa = PBXVariantGroup;
			children = (
				5C3AEE661A8301830051F3CC /* Base */,
			);
			name = LaunchScreen.xib;
			sourceTree = "<group>";
		};
/* End PBXVariantGroup section */

/* Begin XCBuildConfiguration section */
		5C3AEE741A8301830051F3CC /* Debug */ = {
			isa = XCBuildConfiguration;
			buildSettings = {
				ALWAYS_SEARCH_USER_PATHS = NO;
				CLANG_CXX_LANGUAGE_STANDARD = "gnu++0x";
				CLANG_CXX_LIBRARY = "libc++";
				CLANG_ENABLE_MODULES = YES;
				CLANG_ENABLE_OBJC_ARC = YES;
				CLANG_WARN_BOOL_CONVERSION = YES;
				CLANG_WARN_CONSTANT_CONVERSION = YES;
				CLANG_WARN_DIRECT_OBJC_ISA_USAGE = YES_ERROR;
				CLANG_WARN_EMPTY_BODY = YES;
				CLANG_WARN_ENUM_CONVERSION = YES;
				CLANG_WARN_INT_CONVERSION = YES;
				CLANG_WARN_OBJC_ROOT_CLASS = YES_ERROR;
				CLANG_WARN_UNREACHABLE_CODE = YES;
				CLANG_WARN__DUPLICATE_METHOD_MATCH = YES;
				"CODE_SIGN_IDENTITY[sdk=iphoneos*]" = "iPhone Developer";
				COPY_PHASE_STRIP = NO;
				ENABLE_STRICT_OBJC_MSGSEND = YES;
				GCC_C_LANGUAGE_STANDARD = gnu99;
				GCC_DYNAMIC_NO_PIC = NO;
				GCC_OPTIMIZATION_LEVEL = 0;
				GCC_PREPROCESSOR_DEFINITIONS = (
					"DEBUG=1",
					"$(inherited)",
				);
				GCC_SYMBOLS_PRIVATE_EXTERN = NO;
				GCC_WARN_64_TO_32_BIT_CONVERSION = YES;
				GCC_WARN_ABOUT_RETURN_TYPE = YES_ERROR;
				GCC_WARN_UNDECLARED_SELECTOR = YES;
				GCC_WARN_UNINITIALIZED_AUTOS = YES_AGGRESSIVE;
				GCC_WARN_UNUSED_FUNCTION = YES;
				GCC_WARN_UNUSED_VARIABLE = YES;
				IPHONEOS_DEPLOYMENT_TARGET = 8.1;
				MTL_ENABLE_DEBUG_INFO = YES;
				ONLY_ACTIVE_ARCH = YES;
				SDKROOT = iphoneos;
				SWIFT_OPTIMIZATION_LEVEL = "-Onone";
				TARGETED_DEVICE_FAMILY = "1,2";
			};
			name = Debug;
		};
		5C3AEE751A8301830051F3CC /* Release */ = {
			isa = XCBuildConfiguration;
			buildSettings = {
				ALWAYS_SEARCH_USER_PATHS = NO;
				CLANG_CXX_LANGUAGE_STANDARD = "gnu++0x";
				CLANG_CXX_LIBRARY = "libc++";
				CLANG_ENABLE_MODULES = YES;
				CLANG_ENABLE_OBJC_ARC = YES;
				CLANG_WARN_BOOL_CONVERSION = YES;
				CLANG_WARN_CONSTANT_CONVERSION = YES;
				CLANG_WARN_DIRECT_OBJC_ISA_USAGE = YES_ERROR;
				CLANG_WARN_EMPTY_BODY = YES;
				CLANG_WARN_ENUM_CONVERSION = YES;
				CLANG_WARN_INT_CONVERSION = YES;
				CLANG_WARN_OBJC_ROOT_CLASS = YES_ERROR;
				CLANG_WARN_UNREACHABLE_CODE = YES;
				CLANG_WARN__DUPLICATE_METHOD_MATCH = YES;
				"CODE_SIGN_IDENTITY[sdk=iphoneos*]" = "iPhone Developer";
				COPY_PHASE_STRIP = YES;
				ENABLE_NS_ASSERTIONS = NO;
				ENABLE_STRICT_OBJC_MSGSEND = YES;
				GCC_C_LANGUAGE_STANDARD = gnu99;
				GCC_WARN_64_TO_32_BIT_CONVERSION = YES;
				GCC_WARN_ABOUT_RETURN_TYPE = YES_ERROR;
				GCC_WARN_UNDECLARED_SELECTOR = YES;
				GCC_WARN_UNINITIALIZED_AUTOS = YES_AGGRESSIVE;
				GCC_WARN_UNUSED_FUNCTION = YES;
				GCC_WARN_UNUSED_VARIABLE = YES;
				IPHONEOS_DEPLOYMENT_TARGET = 8.1;
				MTL_ENABLE_DEBUG_INFO = NO;
				SDKROOT = iphoneos;
				TARGETED_DEVICE_FAMILY = "1,2";
				VALIDATE_PRODUCT = YES;
			};
			name = Release;
		};
		5C3AEE771A8301830051F3CC /* Debug */ = {
			isa = XCBuildConfiguration;
			buildSettings = {
				ASSETCATALOG_COMPILER_APPICON_NAME = AppIcon;
				INFOPLIST_FILE = Camera/Info.plist;
				LD_RUNPATH_SEARCH_PATHS = "$(inherited) @executable_path/Frameworks";
				PRODUCT_NAME = "$(TARGET_NAME)";
			};
			name = Debug;
		};
		5C3AEE781A8301830051F3CC /* Release */ = {
			isa = XCBuildConfiguration;
			buildSettings = {
				ASSETCATALOG_COMPILER_APPICON_NAME = AppIcon;
				INFOPLIST_FILE = Camera/Info.plist;
				LD_RUNPATH_SEARCH_PATHS = "$(inherited) @executable_path/Frameworks";
				PRODUCT_NAME = "$(TARGET_NAME)";
			};
			name = Release;
		};
		5C3AEE7A1A8301830051F3CC /* Debug */ = {
			isa = XCBuildConfiguration;
			buildSettings = {
				BUNDLE_LOADER = "$(TEST_HOST)";
				FRAMEWORK_SEARCH_PATHS = (
					"$(SDKROOT)/Developer/Library/Frameworks",
					"$(inherited)",
				);
				GCC_PREPROCESSOR_DEFINITIONS = (
					"DEBUG=1",
					"$(inherited)",
				);
				INFOPLIST_FILE = CameraTests/Info.plist;
				LD_RUNPATH_SEARCH_PATHS = "$(inherited) @executable_path/Frameworks @loader_path/Frameworks";
				PRODUCT_NAME = "$(TARGET_NAME)";
				TEST_HOST = "$(BUILT_PRODUCTS_DIR)/Camera.app/Camera";
			};
			name = Debug;
		};
		5C3AEE7B1A8301830051F3CC /* Release */ = {
			isa = XCBuildConfiguration;
			buildSettings = {
				BUNDLE_LOADER = "$(TEST_HOST)";
				FRAMEWORK_SEARCH_PATHS = (
					"$(SDKROOT)/Developer/Library/Frameworks",
					"$(inherited)",
				);
				INFOPLIST_FILE = CameraTests/Info.plist;
				LD_RUNPATH_SEARCH_PATHS = "$(inherited) @executable_path/Frameworks @loader_path/Frameworks";
				PRODUCT_NAME = "$(TARGET_NAME)";
				TEST_HOST = "$(BUILT_PRODUCTS_DIR)/Camera.app/Camera";
			};
			name = Release;
		};
/* End XCBuildConfiguration section */

/* Begin XCConfigurationList section */
		5C3AEE4F1A8301830051F3CC /* Build configuration list for PBXProject "Camera" */ = {
			isa = XCConfigurationList;
			buildConfigurations = (
				5C3AEE741A8301830051F3CC /* Debug */,
				5C3AEE751A8301830051F3CC /* Release */,
			);
			defaultConfigurationIsVisible = 0;
			defaultConfigurationName = Release;
		};
		5C3AEE761A8301830051F3CC /* Build configuration list for PBXNativeTarget "Camera" */ = {
			isa = XCConfigurationList;
			buildConfigurations = (
				5C3AEE771A8301830051F3CC /* Debug */,
				5C3AEE781A8301830051F3CC /* Release */,
			);
			defaultConfigurationIsVisible = 0;
		};
		5C3AEE791A8301830051F3CC /* Build configuration list for PBXNativeTarget "CameraTests" */ = {
			isa = XCConfigurationList;
			buildConfigurations = (
				5C3AEE7A1A8301830051F3CC /* Debug */,
				5C3AEE7B1A8301830051F3CC /* Release */,
			);
			defaultConfigurationIsVisible = 0;
		};
/* End XCConfigurationList section */

/* Begin XCVersionGroup section */
		5C3AEE5B1A8301830051F3CC /* Camera.xcdatamodeld */ = {
			isa = XCVersionGroup;
			children = (
				5C3AEE5C1A8301830051F3CC /* Camera.xcdatamodel */,
			);
			currentVersion = 5C3AEE5C1A8301830051F3CC /* Camera.xcdatamodel */;
			path = Camera.xcdatamodeld;
			sourceTree = "<group>";
			versionGroupType = wrapper.xcdatamodel;
		};
/* End XCVersionGroup section */
	};
	rootObject = 5C3AEE4C1A8301830051F3CC /* Project object */;
}
